
Microsoft Visual Studio Solution File, Format Version 12.00
# Visual Studio Version 17
VisualStudioVersion = 17.5.002.0
MinimumVisualStudioVersion = 10.0.40219.1
Project("{9A19103F-16F7-4668-BE54-9A1E7A4F7556}") = "HelloC#", "HelloC#.csproj", "{508C992B-4C9B-4A39-898F-A4FAD3649BBC}"
EndProject
Project("{9A19103F-16F7-4668-BE54-9A1E7A4F7556}") = "day3", "day3\day3.csproj", "{3A3D364B-C7F6-415A-AD3C-A32F7A9BF04D}"
EndProject
Project("{9A19103F-16F7-4668-BE54-9A1E7A4F7556}") = "day2", "day2\day2.csproj", "{B523AB68-2B86-41D0-9F4C-8EE111F2D171}"
EndProject
Project("{9A19103F-16F7-4668-BE54-9A1E7A4F7556}") = "day5", "day5\day5.csproj", "{E794FCC6-0AFF-4197-9962-9E0BA69F1363}"
EndProject
Project("{9A19103F-16F7-4668-BE54-9A1E7A4F7556}") = "day6", "day6\day6.csproj", "{8D8CF79E-ABF2-4B75-BE84-678ADA0E54D1}"
EndProject
Global
	GlobalSection(SolutionConfigurationPlatforms) = preSolution
		Debug|Any CPU = Debug|Any CPU
		Release|Any CPU = Release|Any CPU
	EndGlobalSection
	GlobalSection(ProjectConfigurationPlatforms) = postSolution
		{508C992B-4C9B-4A39-898F-A4FAD3649BBC}.Debug|Any CPU.ActiveCfg = Debug|Any CPU
		{508C992B-4C9B-4A39-898F-A4FAD3649BBC}.Debug|Any CPU.Build.0 = Debug|Any CPU
		{508C992B-4C9B-4A39-898F-A4FAD3649BBC}.Release|Any CPU.ActiveCfg = Release|Any CPU
		{508C992B-4C9B-4A39-898F-A4FAD3649BBC}.Release|Any CPU.Build.0 = Release|Any CPU
		{3A3D364B-C7F6-415A-AD3C-A32F7A9BF04D}.Debug|Any CPU.ActiveCfg = Debug|Any CPU
		{3A3D364B-C7F6-415A-AD3C-A32F7A9BF04D}.Debug|Any CPU.Build.0 = Debug|Any CPU
		{3A3D364B-C7F6-415A-AD3C-A32F7A9BF04D}.Release|Any CPU.ActiveCfg = Release|Any CPU
		{3A3D364B-C7F6-415A-AD3C-A32F7A9BF04D}.Release|Any CPU.Build.0 = Release|Any CPU
		{B523AB68-2B86-41D0-9F4C-8EE111F2D171}.Debug|Any CPU.ActiveCfg = Debug|Any CPU
		{B523AB68-2B86-41D0-9F4C-8EE111F2D171}.Debug|Any CPU.Build.0 = Debug|Any CPU
		{B523AB68-2B86-41D0-9F4C-8EE111F2D171}.Release|Any CPU.ActiveCfg = Release|Any CPU
		{B523AB68-2B86-41D0-9F4C-8EE111F2D171}.Release|Any CPU.Build.0 = Release|Any CPU
		{E794FCC6-0AFF-4197-9962-9E0BA69F1363}.Debug|Any CPU.ActiveCfg = Debug|Any CPU
		{E794FCC6-0AFF-4197-9962-9E0BA69F1363}.Debug|Any CPU.Build.0 = Debug|Any CPU
		{E794FCC6-0AFF-4197-9962-9E0BA69F1363}.Release|Any CPU.ActiveCfg = Release|Any CPU
		{E794FCC6-0AFF-4197-9962-9E0BA69F1363}.Release|Any CPU.Build.0 = Release|Any CPU
		{8D8CF79E-ABF2-4B75-BE84-678ADA0E54D1}.Debug|Any CPU.ActiveCfg = Debug|Any CPU
		{8D8CF79E-ABF2-4B75-BE84-678ADA0E54D1}.Debug|Any CPU.Build.0 = Debug|Any CPU
		{8D8CF79E-ABF2-4B75-BE84-678ADA0E54D1}.Release|Any CPU.ActiveCfg = Release|Any CPU
		{8D8CF79E-ABF2-4B75-BE84-678ADA0E54D1}.Release|Any CPU.Build.0 = Release|Any CPU
	EndGlobalSection
	GlobalSection(SolutionProperties) = preSolution
		HideSolutionNode = FALSE
	EndGlobalSection
	GlobalSection(ExtensibilityGlobals) = postSolution
		SolutionGuid = {5212D7F5-0E99-48AA-98E4-4AA5F1306DB6}
	EndGlobalSection
EndGlobal
